github.com/ebitengine/gomobile v0.0.0-20250923094054-ea854a63cce1 h1:+kz5iTT3L7uU+VhlMfTb8hHcxLO3TlaELlX8wa4XjA0=
github.com/ebitengine/gomobile v0.0.0-20250923094054-ea854a63cce1/go.mod h1:lKJoeixeJwnFmYsBny4vvCJGVFc3aYDalhuDsfZzWHI=
github.com/ebitengine/hideconsole v1.0.0 h1:5J4U0kXF+pv/DhiXt5/lTz0eO5ogJ1iXb8Yj1yReDqE=
github.com/ebitengine/hideconsole v1.0.0/go.mod h1:hTTBTvVYWKBuxPr7peweneWdkUwEuHuB3C1R/ielR1A=
github.com/ebitengine/purego v0.9.0 h1:mh0zpKBIXDceC63hpvPuGLiJ8ZAa3DfrFTudmfi8A4k=
github.com/ebitengine/purego v0.9.0/go.mod h1:iIjxzd6CiRiOG0UyXP+V1+jWqUXVjPKLAI0mRfJZTmQ=
github.com/gojuno/go.hexgrid v0.0.0-20180202102557-99834856706c h1:K/SEtMtLJu89dpoCEkz+JsLV/PJ2zigAZp108t0O0r4=
github.com/gojuno/go.hexgrid v0.0.0-20180202102557-99834856706c/go.mod h1:vTla2Bm7GCYhs0O+kN84NBYO98zLS8uCm/3e4imeK6Y=
github.com/gojuno/go.morton v0.0.0-20180202102823-94709bd871ce h1:mUc5xcG/z3O9Y0Ic2P0dpoDIM56SVM22HOS91duNaWQ=
github.com/gojuno/go.morton v0.0.0-20180202102823-94709bd871ce/go.mod h1:kJO7W3iXPkHAnBENPwQxLWhBV9IjKqdhjGOA4Yy/f5E=
github.com/hajimehoshi/ebiten/v2 v2.9.7 h1:WuNgM24uJxwdLZLqM8SXLAGVBof/45udRjo2tJoTpM0=
github.com/hajimehoshi/ebiten/v2 v2.9.7/go.mod h1:DAt4tnkYYpCvu3x9i1X/nK/vOruNXIlYq/tBXxnhrXM=
github.com/jezek/xgb v1.1.1 h1:bE/r8ZZtSv7l9gk6nU0mYx51aXrvnyb44892TwSaqS4=
github.com/jezek/xgb v1.1.1/go.mod h1:nrhwO0FX/enq75I7Y7G8iN1ubpSGZEiA3v9e9GyRFlk=
github.com/pmcxs/hexgrid v0.0.0-20190126214921-42796ac894ab h1:Lq0U5xqVSnvC9MR9X8NzHiUAj5FqvG/zQzoxz3xwZEk=
github.com/pmcxs/hexgrid v0.0.0-20190126214921-42796ac894ab/go.mod h1:NAc1c799x2Kd4SRP7M8oCEfc06dFX8V1TfkozjLcd+A=
github.com/yohamta/donburi v1.15.7 h1:so/vHf1L133d0SFVrCUzMMueh2ko39wRkrcpNLdzvz8=
github.com/yohamta/donburi v1.15.7/go.mod h1:FdjU9hpwAsAs1qRvqsSTJimPJ0dipvdnr9hMJXYc1Rk=
golang.org/x/sync v0.17.0 h1:l60nONMj9l5drqw6jlhIELNv9I0A4OFgRsG9k2oT9Ug=
golang.org/x/sync v0.17.0/go.mod h1:9KTHXmSnoGruLpwFjVSX0lNNA75CykiMECbovNTZqGI=
golang.org/x/sys v0.36.0 h1:KVRy2GtZBrk1cBYA7MKu5bEZFxQk4NIDV6RLVcC8o0k=
golang.org/x/sys v0.36.0/go.mod h1:OgkHotnGiDImocRcuBABYBEXf8A9a87e/uXjp9XT3ks=
